
Microsoft Visual Studio Solution File, Format Version 12.00
# Visual Studio Version 17
VisualStudioVersion = 17.14.36301.6
MinimumVisualStudioVersion = 10.0.40219.1
Project("{FAE04EC0-301F-11D3-BF4B-00C04F79EFBC}") = "TiempoUbicacionApp", "TiempoUbicacionApp\TiempoUbicacionApp.csproj", "{BEA08842-E2B0-49DA-A968-9C5B17FCCB0A}"
EndProject
Project("{FAE04EC0-301F-11D3-BF4B-00C04F79EFBC}") = "TiempoUbicacion.Shared", "TiempoUbicacion.Shared\TiempoUbicacion.Shared.csproj", "{CF073C1D-AEAC-499F-9897-EF4B2E324978}"
EndProject
Project("{FAE04EC0-301F-11D3-BF4B-00C04F79EFBC}") = "TiempoUbicacion.Web", "TiempoUbicacion.Web\TiempoUbicacion.Web.csproj", "{9137E0AE-666A-4CB9-96CE-5E3B67F1934C}"
EndProject
Global
	GlobalSection(SolutionConfigurationPlatforms) = preSolution
		Debug|Any CPU = Debug|Any CPU
		Release|Any CPU = Release|Any CPU
	EndGlobalSection
	GlobalSection(ProjectConfigurationPlatforms) = postSolution
		{BEA08842-E2B0-49DA-A968-9C5B17FCCB0A}.Debug|Any CPU.ActiveCfg = Debug|Any CPU
		{BEA08842-E2B0-49DA-A968-9C5B17FCCB0A}.Debug|Any CPU.Build.0 = Debug|Any CPU
		{BEA08842-E2B0-49DA-A968-9C5B17FCCB0A}.Debug|Any CPU.Deploy.0 = Debug|Any CPU
		{BEA08842-E2B0-49DA-A968-9C5B17FCCB0A}.Release|Any CPU.ActiveCfg = Release|Any CPU
		{BEA08842-E2B0-49DA-A968-9C5B17FCCB0A}.Release|Any CPU.Build.0 = Release|Any CPU
		{CF073C1D-AEAC-499F-9897-EF4B2E324978}.Debug|Any CPU.ActiveCfg = Debug|Any CPU
		{CF073C1D-AEAC-499F-9897-EF4B2E324978}.Debug|Any CPU.Build.0 = Debug|Any CPU
		{CF073C1D-AEAC-499F-9897-EF4B2E324978}.Release|Any CPU.ActiveCfg = Release|Any CPU
		{CF073C1D-AEAC-499F-9897-EF4B2E324978}.Release|Any CPU.Build.0 = Release|Any CPU
		{9137E0AE-666A-4CB9-96CE-5E3B67F1934C}.Debug|Any CPU.ActiveCfg = Debug|Any CPU
		{9137E0AE-666A-4CB9-96CE-5E3B67F1934C}.Debug|Any CPU.Build.0 = Debug|Any CPU
		{9137E0AE-666A-4CB9-96CE-5E3B67F1934C}.Release|Any CPU.ActiveCfg = Release|Any CPU
		{9137E0AE-666A-4CB9-96CE-5E3B67F1934C}.Release|Any CPU.Build.0 = Release|Any CPU
	EndGlobalSection
	GlobalSection(SolutionProperties) = preSolution
		HideSolutionNode = FALSE
	EndGlobalSection
	GlobalSection(ExtensibilityGlobals) = postSolution
		SolutionGuid = {1418CECE-AE28-4DA0-8186-C1D392A0451B}
	EndGlobalSection
EndGlobal
